{
    "_meta": {
        "hash": {
            "sha256": "7d6c866e5d80910581f336ed3caa3457364b27e3f5bca224e63e9f4b8fd60183"
        },
        "pipfile-spec": 6,
        "requires": {
            "python_version": "3.9"
        },
        "sources": [
            {
                "name": "pypi",
                "url": "https://mirrors.aliyun.com/pypi/simple/",
                "verify_ssl": true
            }
        ]
    },
    "default": {
        "anki": {
            "hashes": [
                "sha256:599bea5e30c75933fe20a9fbcdbad0eca463c02fc73ac8aa12fa8f89e732c7ac",
                "sha256:5e8231c656c3eb5a91147587eac37085a3795d0c7fb93149690da89008c2f75f",
                "sha256:5f1b6e97b494292bce5c7bf6e647c0e0dae80e40310f068aab1666ace33bbb05",
                "sha256:9f2c6a50932bf0272bb80332c258d6ef28e7cc8fed0b02ef82e611cf25284949",
                "sha256:d289706ebc74b3ea37eb7499a5f358bebe1d6aabab0cfba69fb88822ab9714c7"
            ],
            "markers": "python_version >= '3.9'",
            "version": "==23.10.1"
        },
        "aqt": {
            "hashes": [
                "sha256:da9815d6fb8756304b34051d981a2536e3afda6dedb13b0df1357101b8917f1c"
            ],
            "index": "pypi",
            "version": "==23.10.1"
        },
        "attrs": {
            "hashes": [
                "sha256:1f28b4522cdc2fb4256ac1a020c78acf9cba2c6b461ccd2c126f3aa8e8335d04",
                "sha256:6279836d581513a26f1bf235f9acd333bc9115683f14f7e8fae46c98fc50e015"
            ],
            "markers": "python_version >= '3.7'",
            "version": "==23.1.0"
        },
        "beautifulsoup4": {
            "hashes": [
                "sha256:492bbc69dca35d12daac71c4db1bfff0c876c00ef4a2ffacce226d4638eb72da",
                "sha256:bd2520ca0d9d7d12694a53d44ac482d181b4ec1888909b035a3dbf40d0f57d4a"
            ],
            "markers": "python_full_version >= '3.6.0'",
            "version": "==4.12.2"
        },
        "blinker": {
            "hashes": [
                "sha256:c3f865d4d54db7abc53758a01601cf343fe55b84c1de4e3fa910e420b438d5b9",
                "sha256:e6820ff6fa4e4d1d8e2747c2283749c3f547e4fee112b98555cdcdae32996182"
            ],
            "markers": "python_version >= '3.8'",
            "version": "==1.7.0"
        },
        "certifi": {
            "hashes": [
                "sha256:9b469f3a900bf28dc19b8cfbf8019bf47f7fdd1a65a1d4ffb98fc14166beb4d1",
                "sha256:e036ab49d5b79556f99cfc2d9320b34cfbe5be05c5871b51de9329f0603b0474"
            ],
            "markers": "python_version >= '3.6'",
            "version": "==2023.11.17"
        },
        "charset-normalizer": {
            "hashes": [
                "sha256:06435b539f889b1f6f4ac1758871aae42dc3a8c0e24ac9e60c2384973ad73027",
                "sha256:06a81e93cd441c56a9b65d8e1d043daeb97a3d0856d177d5c90ba85acb3db087",
                "sha256:0a55554a2fa0d408816b3b5cedf0045f4b8e1a6065aec45849de2d6f3f8e9786",
                "sha256:0b2b64d2bb6d3fb9112bafa732def486049e63de9618b5843bcdd081d8144cd8",
                "sha256:10955842570876604d404661fbccbc9c7e684caf432c09c715ec38fbae45ae09",
                "sha256:122c7fa62b130ed55f8f285bfd56d5f4b4a5b503609d181f9ad85e55c89f4185",
                "sha256:1ceae2f17a9c33cb48e3263960dc5fc8005351ee19db217e9b1bb15d28c02574",
                "sha256:1d3193f4a680c64b4b6a9115943538edb896edc190f0b222e73761716519268e",
                "sha256:1f79682fbe303db92bc2b1136016a38a42e835d932bab5b3b1bfcfbf0640e519",
                "sha256:2127566c664442652f024c837091890cb1942c30937add288223dc895793f898",
                "sha256:22afcb9f253dac0696b5a4be4a1c0f8762f8239e21b99680099abd9b2b1b2269",
                "sha256:25baf083bf6f6b341f4121c2f3c548875ee6f5339300e08be3f2b2ba1721cdd3",
                "sha256:2e81c7b9c8979ce92ed306c249d46894776a909505d8f5a4ba55b14206e3222f",
                "sha256:3287761bc4ee9e33561a7e058c72ac0938c4f57fe49a09eae428fd88aafe7bb6",
                "sha256:34d1c8da1e78d2e001f363791c98a272bb734000fcef47a491c1e3b0505657a8",
                "sha256:37e55c8e51c236f95b033f6fb391d7d7970ba5fe7ff453dad675e88cf303377a",
                "sha256:3d47fa203a7bd9c5b6cee4736ee84ca03b8ef23193c0d1ca99b5089f72645c73",
                "sha256:3e4d1f6587322d2788836a99c69062fbb091331ec940e02d12d179c1d53e25fc",
                "sha256:42cb296636fcc8b0644486d15c12376cb9fa75443e00fb25de0b8602e64c1714",
                "sha256:45485e01ff4d3630ec0d9617310448a8702f70e9c01906b0d0118bdf9d124cf2",
                "sha256:4a78b2b446bd7c934f5dcedc588903fb2f5eec172f3d29e52a9096a43722adfc",
                "sha256:4ab2fe47fae9e0f9dee8c04187ce5d09f48eabe611be8259444906793ab7cbce",
                "sha256:4d0d1650369165a14e14e1e47b372cfcb31d6ab44e6e33cb2d4e57265290044d",
                "sha256:549a3a73da901d5bc3ce8d24e0600d1fa85524c10287f6004fbab87672bf3e1e",
                "sha256:55086ee1064215781fff39a1af09518bc9255b50d6333f2e4c74ca09fac6a8f6",
                "sha256:572c3763a264ba47b3cf708a44ce965d98555f618ca42c926a9c1616d8f34269",
                "sha256:573f6eac48f4769d667c4442081b1794f52919e7edada77495aaed9236d13a96",
                "sha256:5b4c145409bef602a690e7cfad0a15a55c13320ff7a3ad7ca59c13bb8ba4d45d",
                "sha256:6463effa3186ea09411d50efc7d85360b38d5f09b870c48e4600f63af490e56a",
                "sha256:65f6f63034100ead094b8744b3b97965785388f308a64cf8d7c34f2f2e5be0c4",
                "sha256:663946639d296df6a2bb2aa51b60a2454ca1cb29835324c640dafb5ff2131a77",
                "sha256:6897af51655e3691ff853668779c7bad41579facacf5fd7253b0133308cf000d",
                "sha256:68d1f8a9e9e37c1223b656399be5d6b448dea850bed7d0f87a8311f1ff3dabb0",
                "sha256:6ac7ffc7ad6d040517be39eb591cac5ff87416c2537df6ba3cba3bae290c0fed",
                "sha256:6b3251890fff30ee142c44144871185dbe13b11bab478a88887a639655be1068",
                "sha256:6c4caeef8fa63d06bd437cd4bdcf3ffefe6738fb1b25951440d80dc7df8c03ac",
                "sha256:6ef1d82a3af9d3eecdba2321dc1b3c238245d890843e040e41e470ffa64c3e25",
                "sha256:753f10e867343b4511128c6ed8c82f7bec3bd026875576dfd88483c5c73b2fd8",
                "sha256:7cd13a2e3ddeed6913a65e66e94b51d80a041145a026c27e6bb76c31a853c6ab",
                "sha256:7ed9e526742851e8d5cc9e6cf41427dfc6068d4f5a3bb03659444b4cabf6bc26",
                "sha256:7f04c839ed0b6b98b1a7501a002144b76c18fb1c1850c8b98d458ac269e26ed2",
                "sha256:802fe99cca7457642125a8a88a084cef28ff0cf9407060f7b93dca5aa25480db",
                "sha256:80402cd6ee291dcb72644d6eac93785fe2c8b9cb30893c1af5b8fdd753b9d40f",
                "sha256:8465322196c8b4d7ab6d1e049e4c5cb460d0394da4a27d23cc242fbf0034b6b5",
                "sha256:86216b5cee4b06df986d214f664305142d9c76df9b6512be2738aa72a2048f99",
                "sha256:87d1351268731db79e0f8e745d92493ee2841c974128ef629dc518b937d9194c",
                "sha256:8bdb58ff7ba23002a4c5808d608e4e6c687175724f54a5dade5fa8c67b604e4d",
                "sha256:8c622a5fe39a48f78944a87d4fb8a53ee07344641b0562c540d840748571b811",
                "sha256:8d756e44e94489e49571086ef83b2bb8ce311e730092d2c34ca8f7d925cb20aa",
                "sha256:8f4a014bc36d3c57402e2977dada34f9c12300af536839dc38c0beab8878f38a",
                "sha256:9063e24fdb1e498ab71cb7419e24622516c4a04476b17a2dab57e8baa30d6e03",
                "sha256:90d558489962fd4918143277a773316e56c72da56ec7aa3dc3dbbe20fdfed15b",
                "sha256:923c0c831b7cfcb071580d3f46c4baf50f174be571576556269530f4bbd79d04",
                "sha256:95f2a5796329323b8f0512e09dbb7a1860c46a39da62ecb2324f116fa8fdc85c",
                "sha256:96b02a3dc4381e5494fad39be677abcb5e6634bf7b4fa83a6dd3112607547001",
                "sha256:9f96df6923e21816da7e0ad3fd47dd8f94b2a5ce594e00677c0013018b813458",
                "sha256:a10af20b82360ab00827f916a6058451b723b4e65030c5a18577c8b2de5b3389",
                "sha256:a50aebfa173e157099939b17f18600f72f84eed3049e743b68ad15bd69b6bf99",
                "sha256:a981a536974bbc7a512cf44ed14938cf01030a99e9b3a06dd59578882f06f985",
                "sha256:a9a8e9031d613fd2009c182b69c7b2c1ef8239a0efb1df3f7c8da66d5dd3d537",
                "sha256:ae5f4161f18c61806f411a13b0310bea87f987c7d2ecdbdaad0e94eb2e404238",
                "sha256:aed38f6e4fb3f5d6bf81bfa990a07806be9d83cf7bacef998ab1a9bd660a581f",
                "sha256:b01b88d45a6fcb69667cd6d2f7a9aeb4bf53760d7fc536bf679ec94fe9f3ff3d",
                "sha256:b261ccdec7821281dade748d088bb6e9b69e6d15b30652b74cbbac25e280b796",
                "sha256:b2b0a0c0517616b6869869f8c581d4eb2dd83a4d79e0ebcb7d373ef9956aeb0a",
                "sha256:b4a23f61ce87adf89be746c8a8974fe1c823c891d8f86eb218bb957c924bb143",
                "sha256:bd8f7df7d12c2db9fab40bdd87a7c09b1530128315d047a086fa3ae3435cb3a8",
                "sha256:beb58fe5cdb101e3a055192ac291b7a21e3b7ef4f67fa1d74e331a7f2124341c",
                "sha256:c002b4ffc0be611f0d9da932eb0f704fe2602a9a949d1f738e4c34c75b0863d5",
                "sha256:c083af607d2515612056a31f0a8d9e0fcb5876b7bfc0abad3ecd275bc4ebc2d5",
                "sha256:c180f51afb394e165eafe4ac2936a14bee3eb10debc9d9e4db8958fe36afe711",
                "sha256:c235ebd9baae02f1b77bcea61bce332cb4331dc3617d254df3323aa01ab47bd4",
                "sha256:cd70574b12bb8a4d2aaa0094515df2463cb429d8536cfb6c7ce983246983e5a6",
                "sha256:d0eccceffcb53201b5bfebb52600a5fb483a20b61da9dbc885f8b103cbe7598c",
                "sha256:d965bba47ddeec8cd560687584e88cf699fd28f192ceb452d1d7ee807c5597b7",
                "sha256:db364eca23f876da6f9e16c9da0df51aa4f104a972735574842618b8c6d999d4",
                "sha256:ddbb2551d7e0102e7252db79ba445cdab71b26640817ab1e3e3648dad515003b",
                "sha256:deb6be0ac38ece9ba87dea880e438f25ca3eddfac8b002a2ec3d9183a454e8ae",
                "sha256:e06ed3eb3218bc64786f7db41917d4e686cc4856944f53d5bdf83a6884432e12",
                "sha256:e27ad930a842b4c5eb8ac0016b0a54f5aebbe679340c26101df33424142c143c",
                "sha256:e537484df0d8f426ce2afb2d0f8e1c3d0b114b83f8850e5f2fbea0e797bd82ae",
                "sha256:eb00ed941194665c332bf8e078baf037d6c35d7c4f3102ea2d4f16ca94a26dc8",
                "sha256:eb6904c354526e758fda7167b33005998fb68c46fbc10e013ca97f21ca5c8887",
                "sha256:eb8821e09e916165e160797a6c17edda0679379a4be5c716c260e836e122f54b",
                "sha256:efcb3f6676480691518c177e3b465bcddf57cea040302f9f4e6e191af91174d4",
                "sha256:f27273b60488abe721a075bcca6d7f3964f9f6f067c8c4c605743023d7d3944f",
                "sha256:f30c3cb33b24454a82faecaf01b19c18562b1e89558fb6c56de4d9118a032fd5",
                "sha256:fb69256e180cb6c8a894fee62b3afebae785babc1ee98b81cdf68bbca1987f33",
                "sha256:fd1abc0d89e30cc4e02e4064dc67fcc51bd941eb395c502aac3ec19fab46b519",
                "sha256:ff8fa367d09b717b2a17a052544193ad76cd49979c805768879cb63d9ca50561"
            ],
            "markers": "python_full_version >= '3.7.0'",
            "version": "==3.3.2"
        },
        "click": {
            "hashes": [
                "sha256:ae74fb96c20a0277a1d615f1e4d73c8414f5a98db8b799a7931d1582f3390c28",
                "sha256:ca9853ad459e787e2192211578cc907e7594e294c7ccc834310722b41b9ca6de"
            ],
            "markers": "python_version >= '3.7'",
            "version": "==8.1.7"
        },
        "decorator": {
            "hashes": [
                "sha256:637996211036b6385ef91435e4fae22989472f9d571faba8927ba8253acbc330",
                "sha256:b8c3f85900b9dc423225913c5aace94729fe1fa9763b38939a95226f02d37186"
            ],
            "markers": "python_version >= '3.5'",
            "version": "==5.1.1"
        },
        "flask": {
            "hashes": [
                "sha256:21128f47e4e3b9d597a3e8521a329bf56909b690fcc3fa3e477725aa81367638",
                "sha256:cfadcdb638b609361d29ec22360d6070a77d7463dcb3ab08d2c2f2f168845f58"
            ],
            "markers": "python_version >= '3.8'",
            "version": "==3.0.0"
        },
        "flask-cors": {
            "hashes": [
                "sha256:bc3492bfd6368d27cfe79c7821df5a8a319e1a6d5eab277a3794be19bdc51783",
                "sha256:f268522fcb2f73e2ecdde1ef45e2fd5c71cc48fe03cffb4b441c6d1b40684eb0"
            ],
            "version": "==4.0.0"
        },
        "idna": {
            "hashes": [
                "sha256:9ecdbbd083b06798ae1e86adcbfe8ab1479cf864e4ee30fe4e46a003d12491ca",
                "sha256:c05567e9c24a6b9faaa835c4821bad0590fbb9d5779e7caa6e1cc4978e7eb24f"
            ],
            "markers": "python_version >= '3.5'",
            "version": "==3.6"
        },
        "importlib-metadata": {
            "hashes": [
                "sha256:7fc841f8b8332803464e5dc1c63a2e59121f46ca186c0e2e182e80bf8c1319f7",
                "sha256:d97503976bb81f40a193d41ee6570868479c69d5068651eb039c40d850c59d67"
            ],
            "markers": "python_version < '3.10'",
            "version": "==7.0.0"
        },
        "itsdangerous": {
            "hashes": [
                "sha256:2c2349112351b88699d8d4b6b075022c0808887cb7ad10069318a8b0bc88db44",
                "sha256:5dbbc68b317e5e42f327f9021763545dc3fc3bfe22e6deb96aaf1fc38874156a"
            ],
            "markers": "python_version >= '3.7'",
            "version": "==2.1.2"
        },
        "jinja2": {
            "hashes": [
                "sha256:31351a702a408a9e7595a8fc6150fc3f43bb6bf7e319770cbc0db9df9437e852",
                "sha256:6088930bfe239f0e6710546ab9c19c9ef35e29792895fed6e6e31a023a182a61"
            ],
            "markers": "python_version >= '3.7'",
            "version": "==3.1.2"
        },
        "jsonschema": {
            "hashes": [
                "sha256:4f614fd46d8d61258610998997743ec5492a648b33cf478c1ddc23ed4598a5fa",
                "sha256:ed6231f0429ecf966f5bc8dfef245998220549cbbcf140f913b7464c52c3b6b3"
            ],
            "markers": "python_version >= '3.8'",
            "version": "==4.20.0"
        },
        "jsonschema-specifications": {
            "hashes": [
                "sha256:9472fc4fea474cd74bea4a2b190daeccb5a9e4db2ea80efcf7a1b582fc9a81b8",
                "sha256:e74ba7c0a65e8cb49dc26837d6cfe576557084a8b423ed16a420984228104f93"
            ],
            "markers": "python_version >= '3.8'",
            "version": "==2023.11.2"
        },
        "markdown": {
            "hashes": [
                "sha256:5874b47d4ee3f0b14d764324d2c94c03ea66bee56f2d929da9f2508d65e722dc",
                "sha256:b65d7beb248dc22f2e8a31fb706d93798093c308dc1aba295aedeb9d41a813bd"
            ],
            "markers": "python_version >= '3.8'",
            "version": "==3.5.1"
        },
        "markupsafe": {
            "hashes": [
                "sha256:05fb21170423db021895e1ea1e1f3ab3adb85d1c2333cbc2310f2a26bc77272e",
                "sha256:0a4e4a1aff6c7ac4cd55792abf96c915634c2b97e3cc1c7129578aa68ebd754e",
                "sha256:10bbfe99883db80bdbaff2dcf681dfc6533a614f700da1287707e8a5d78a8431",
                "sha256:134da1eca9ec0ae528110ccc9e48041e0828d79f24121a1a146161103c76e686",
                "sha256:14ff806850827afd6b07a5f32bd917fb7f45b046ba40c57abdb636674a8b559c",
                "sha256:1577735524cdad32f9f694208aa75e422adba74f1baee7551620e43a3141f559",
                "sha256:1b40069d487e7edb2676d3fbdb2b0829ffa2cd63a2ec26c4938b2d34391b4ecc",
                "sha256:1b8dd8c3fd14349433c79fa8abeb573a55fc0fdd769133baac1f5e07abf54aeb",
                "sha256:1f67c7038d560d92149c060157d623c542173016c4babc0c1913cca0564b9939",
                "sha256:282c2cb35b5b673bbcadb33a585408104df04f14b2d9b01d4c345a3b92861c2c",
                "sha256:2c1b19b3aaacc6e57b7e25710ff571c24d6c3613a45e905b1fde04d691b98ee0",
                "sha256:2ef12179d3a291be237280175b542c07a36e7f60718296278d8593d21ca937d4",
                "sha256:338ae27d6b8745585f87218a3f23f1512dbf52c26c28e322dbe54bcede54ccb9",
                "sha256:3c0fae6c3be832a0a0473ac912810b2877c8cb9d76ca48de1ed31e1c68386575",
                "sha256:3fd4abcb888d15a94f32b75d8fd18ee162ca0c064f35b11134be77050296d6ba",
                "sha256:42de32b22b6b804f42c5d98be4f7e5e977ecdd9ee9b660fda1a3edf03b11792d",
                "sha256:47d4f1c5f80fc62fdd7777d0d40a2e9dda0a05883ab11374334f6c4de38adffd",
                "sha256:504b320cd4b7eff6f968eddf81127112db685e81f7e36e75f9f84f0df46041c3",
                "sha256:525808b8019e36eb524b8c68acdd63a37e75714eac50e988180b169d64480a00",
                "sha256:56d9f2ecac662ca1611d183feb03a3fa4406469dafe241673d521dd5ae92a155",
                "sha256:5bbe06f8eeafd38e5d0a4894ffec89378b6c6a625ff57e3028921f8ff59318ac",
                "sha256:65c1a9bcdadc6c28eecee2c119465aebff8f7a584dd719facdd9e825ec61ab52",
                "sha256:68e78619a61ecf91e76aa3e6e8e33fc4894a2bebe93410754bd28fce0a8a4f9f",
                "sha256:69c0f17e9f5a7afdf2cc9fb2d1ce6aabdb3bafb7f38017c0b77862bcec2bbad8",
                "sha256:6b2b56950d93e41f33b4223ead100ea0fe11f8e6ee5f641eb753ce4b77a7042b",
                "sha256:715d3562f79d540f251b99ebd6d8baa547118974341db04f5ad06d5ea3eb8007",
                "sha256:787003c0ddb00500e49a10f2844fac87aa6ce977b90b0feaaf9de23c22508b24",
                "sha256:7ef3cb2ebbf91e330e3bb937efada0edd9003683db6b57bb108c4001f37a02ea",
                "sha256:8023faf4e01efadfa183e863fefde0046de576c6f14659e8782065bcece22198",
                "sha256:8758846a7e80910096950b67071243da3e5a20ed2546e6392603c096778d48e0",
                "sha256:8afafd99945ead6e075b973fefa56379c5b5c53fd8937dad92c662da5d8fd5ee",
                "sha256:8c41976a29d078bb235fea9b2ecd3da465df42a562910f9022f1a03107bd02be",
                "sha256:8e254ae696c88d98da6555f5ace2279cf7cd5b3f52be2b5cf97feafe883b58d2",
                "sha256:8f9293864fe09b8149f0cc42ce56e3f0e54de883a9de90cd427f191c346eb2e1",
                "sha256:9402b03f1a1b4dc4c19845e5c749e3ab82d5078d16a2a4c2cd2df62d57bb0707",
                "sha256:962f82a3086483f5e5f64dbad880d31038b698494799b097bc59c2edf392fce6",
                "sha256:9aad3c1755095ce347e26488214ef77e0485a3c34a50c5a5e2471dff60b9dd9c",
                "sha256:9dcdfd0eaf283af041973bff14a2e143b8bd64e069f4c383416ecd79a81aab58",
                "sha256:aa57bd9cf8ae831a362185ee444e15a93ecb2e344c8e52e4d721ea3ab6ef1823",
                "sha256:aa7bd130efab1c280bed0f45501b7c8795f9fdbeb02e965371bbef3523627779",
                "sha256:ab4a0df41e7c16a1392727727e7998a467472d0ad65f3ad5e6e765015df08636",
                "sha256:ad9e82fb8f09ade1c3e1b996a6337afac2b8b9e365f926f5a61aacc71adc5b3c",
                "sha256:af598ed32d6ae86f1b747b82783958b1a4ab8f617b06fe68795c7f026abbdcad",
                "sha256:b076b6226fb84157e3f7c971a47ff3a679d837cf338547532ab866c57930dbee",
                "sha256:b7ff0f54cb4ff66dd38bebd335a38e2c22c41a8ee45aa608efc890ac3e3931bc",
                "sha256:bfce63a9e7834b12b87c64d6b155fdd9b3b96191b6bd334bf37db7ff1fe457f2",
                "sha256:c011a4149cfbcf9f03994ec2edffcb8b1dc2d2aede7ca243746df97a5d41ce48",
                "sha256:c9c804664ebe8f83a211cace637506669e7890fec1b4195b505c214e50dd4eb7",
                "sha256:ca379055a47383d02a5400cb0d110cef0a776fc644cda797db0c5696cfd7e18e",
                "sha256:cb0932dc158471523c9637e807d9bfb93e06a95cbf010f1a38b98623b929ef2b",
                "sha256:cd0f502fe016460680cd20aaa5a76d241d6f35a1c3350c474bac1273803893fa",
                "sha256:ceb01949af7121f9fc39f7d27f91be8546f3fb112c608bc4029aef0bab86a2a5",
                "sha256:d080e0a5eb2529460b30190fcfcc4199bd7f827663f858a226a81bc27beaa97e",
                "sha256:dd15ff04ffd7e05ffcb7fe79f1b98041b8ea30ae9234aed2a9168b5797c3effb",
                "sha256:df0be2b576a7abbf737b1575f048c23fb1d769f267ec4358296f31c2479db8f9",
                "sha256:e09031c87a1e51556fdcb46e5bd4f59dfb743061cf93c4d6831bf894f125eb57",
                "sha256:e4dd52d80b8c83fdce44e12478ad2e85c64ea965e75d66dbeafb0a3e77308fcc",
                "sha256:f698de3fd0c4e6972b92290a45bd9b1536bffe8c6759c62471efaa8acb4c37bc",
                "sha256:fec21693218efe39aa7f8599346e90c705afa52c5b31ae019b2e57e8f6542bb2",
                "sha256:ffcc3f7c66b5f5b7931a5aa68fc9cecc51e685ef90282f4a82f0f5e9b704ad11"
            ],
            "markers": "python_version >= '3.7'",
            "version": "==2.1.3"
        },
        "orjson": {
            "hashes": [
                "sha256:06ad5543217e0e46fd7ab7ea45d506c76f878b87b1b4e369006bdb01acc05a83",
                "sha256:0a73160e823151f33cdc05fe2cea557c5ef12fdf276ce29bb4f1c571c8368a60",
                "sha256:1234dc92d011d3554d929b6cf058ac4a24d188d97be5e04355f1b9223e98bbe9",
                "sha256:1d0dc4310da8b5f6415949bd5ef937e60aeb0eb6b16f95041b5e43e6200821fb",
                "sha256:2a11b4b1a8415f105d989876a19b173f6cdc89ca13855ccc67c18efbd7cbd1f8",
                "sha256:2e2ecd1d349e62e3960695214f40939bbfdcaeaaa62ccc638f8e651cf0970e5f",
                "sha256:3a2ce5ea4f71681623f04e2b7dadede3c7435dfb5e5e2d1d0ec25b35530e277b",
                "sha256:3e892621434392199efb54e69edfff9f699f6cc36dd9553c5bf796058b14b20d",
                "sha256:3fb205ab52a2e30354640780ce4587157a9563a68c9beaf52153e1cea9aa0921",
                "sha256:4689270c35d4bb3102e103ac43c3f0b76b169760aff8bcf2d401a3e0e58cdb7f",
                "sha256:49f8ad582da6e8d2cf663c4ba5bf9f83cc052570a3a767487fec6af839b0e777",
                "sha256:4bd176f528a8151a6efc5359b853ba3cc0e82d4cd1fab9c1300c5d957dc8f48c",
                "sha256:4cf7837c3b11a2dfb589f8530b3cff2bd0307ace4c301e8997e95c7468c1378e",
                "sha256:4fd72fab7bddce46c6826994ce1e7de145ae1e9e106ebb8eb9ce1393ca01444d",
                "sha256:5148bab4d71f58948c7c39d12b14a9005b6ab35a0bdf317a8ade9a9e4d9d0bd5",
                "sha256:5869e8e130e99687d9e4be835116c4ebd83ca92e52e55810962446d841aba8de",
                "sha256:602a8001bdf60e1a7d544be29c82560a7b49319a0b31d62586548835bbe2c862",
                "sha256:61804231099214e2f84998316f3238c4c2c4aaec302df12b21a64d72e2a135c7",
                "sha256:666c6fdcaac1f13eb982b649e1c311c08d7097cbda24f32612dae43648d8db8d",
                "sha256:674eb520f02422546c40401f4efaf8207b5e29e420c17051cddf6c02783ff5ca",
                "sha256:7ec960b1b942ee3c69323b8721df2a3ce28ff40e7ca47873ae35bfafeb4555ca",
                "sha256:7f433be3b3f4c66016d5a20e5b4444ef833a1f802ced13a2d852c637f69729c1",
                "sha256:7f8fb7f5ecf4f6355683ac6881fd64b5bb2b8a60e3ccde6ff799e48791d8f864",
                "sha256:81a3a3a72c9811b56adf8bcc829b010163bb2fc308877e50e9910c9357e78521",
                "sha256:858379cbb08d84fe7583231077d9a36a1a20eb72f8c9076a45df8b083724ad1d",
                "sha256:8b9ba0ccd5a7f4219e67fbbe25e6b4a46ceef783c42af7dbc1da548eb28b6531",
                "sha256:92af0d00091e744587221e79f68d617b432425a7e59328ca4c496f774a356071",
                "sha256:9ebbdbd6a046c304b1845e96fbcc5559cd296b4dfd3ad2509e33c4d9ce07d6a1",
                "sha256:9edd2856611e5050004f4722922b7b1cd6268da34102667bd49d2a2b18bafb81",
                "sha256:a353bf1f565ed27ba71a419b2cd3db9d6151da426b61b289b6ba1422a702e643",
                "sha256:b5b7d4a44cc0e6ff98da5d56cde794385bdd212a86563ac321ca64d7f80c80d1",
                "sha256:b90f340cb6397ec7a854157fac03f0c82b744abdd1c0941a024c3c29d1340aff",
                "sha256:c18a4da2f50050a03d1da5317388ef84a16013302a5281d6f64e4a3f406aabc4",
                "sha256:c338ed69ad0b8f8f8920c13f529889fe0771abbb46550013e3c3d01e5174deef",
                "sha256:c5a02360e73e7208a872bf65a7554c9f15df5fe063dc047f79738998b0506a14",
                "sha256:c62b6fa2961a1dcc51ebe88771be5319a93fd89bd247c9ddf732bc250507bc2b",
                "sha256:c812312847867b6335cfb264772f2a7e85b3b502d3a6b0586aa35e1858528ab1",
                "sha256:c943b35ecdf7123b2d81d225397efddf0bce2e81db2f3ae633ead38e85cd5ade",
                "sha256:ce0a29c28dfb8eccd0f16219360530bc3cfdf6bf70ca384dacd36e6c650ef8e8",
                "sha256:cf80b550092cc480a0cbd0750e8189247ff45457e5a023305f7ef1bcec811616",
                "sha256:cff7570d492bcf4b64cc862a6e2fb77edd5e5748ad715f487628f102815165e9",
                "sha256:d2c1e559d96a7f94a4f581e2a32d6d610df5840881a8cba8f25e446f4d792df3",
                "sha256:deeb3922a7a804755bbe6b5be9b312e746137a03600f488290318936c1a2d4dc",
                "sha256:e28a50b5be854e18d54f75ef1bb13e1abf4bc650ab9d635e4258c58e71eb6ad5",
                "sha256:e99c625b8c95d7741fe057585176b1b8783d46ed4b8932cf98ee145c4facf499",
                "sha256:ec6f18f96b47299c11203edfbdc34e1b69085070d9a3d1f302810cc23ad36bf3",
                "sha256:ed8bc367f725dfc5cabeed1ae079d00369900231fbb5a5280cf0736c30e2adf7",
                "sha256:ee5926746232f627a3be1cc175b2cfad24d0170d520361f4ce3fa2fd83f09e1d",
                "sha256:f295efcd47b6124b01255d1491f9e46f17ef40d3d7eabf7364099e463fb45f0f",
                "sha256:fb0b361d73f6b8eeceba47cd37070b5e6c9de5beaeaa63a1cb35c7e1a73ef088"
            ],
            "markers": "python_version >= '3.8'",
            "version": "==3.9.10"
        },
        "protobuf": {
            "hashes": [
                "sha256:0bf384e75b92c42830c0a679b0cd4d6e2b36ae0cf3dbb1e1dfdda48a244f4bcd",
                "sha256:0f881b589ff449bf0b931a711926e9ddaad3b35089cc039ce1af50b21a4ae8cb",
                "sha256:1484f9e692091450e7edf418c939e15bfc8fc68856e36ce399aed6889dae8bb0",
                "sha256:193f50a6ab78a970c9b4f148e7c750cfde64f59815e86f686c22e26b4fe01ce7",
                "sha256:3497c1af9f2526962f09329fd61a36566305e6c72da2590ae0d7d1322818843b",
                "sha256:57d65074b4f5baa4ab5da1605c02be90ac20c8b40fb137d6a8df9f416b0d0ce2",
                "sha256:8bdbeaddaac52d15c6dce38c71b03038ef7772b977847eb6d374fc86636fa510",
                "sha256:a19731d5e83ae4737bb2a089605e636077ac001d18781b3cf489b9546c7c80d6",
                "sha256:abc0525ae2689a8000837729eef7883b9391cd6aa7950249dcf5a4ede230d5dd",
                "sha256:becc576b7e6b553d22cbdf418686ee4daa443d7217999125c045ad56322dda10",
                "sha256:ca37bf6a6d0046272c152eea90d2e4ef34593aaa32e8873fc14c16440f22d4b7"
            ],
            "markers": "python_version >= '3.8'",
            "version": "==4.25.1"
        },
        "pyqt6": {
            "hashes": [
                "sha256:33655db05ac2de699320f035250c21434c77144a6a2943aca3f4c579dabc3f7b",
                "sha256:3ef68830a9b32050c30f7962c56a5927802c9193b68eaf405faecb8ce9ae10a8",
                "sha256:d41512d66044c2df9c5f515a56a922170d68a37b3406ffddc8b4adc57181b576",
                "sha256:fc7185d65755f26d7a6842492ec5398c92544dc4eafbbcbef1b1922aca585c96"
            ],
            "index": "pypi",
            "version": "==6.6.0"
        },
        "pyqt6-qt6": {
            "hashes": [
                "sha256:0409aa09b8dae90d5f00ba2d9761e671dfbc54ab169cff8f4cdfecd7f664fd0f",
                "sha256:41f1ed3eadc00540c205a0e897ae0e0fffc21b896e575214f7c5b9c86d2037d1",
                "sha256:8dcac0bd9df13d63deafb6a61969b832c34467da4a28d2b7abf78066bfce22e6",
                "sha256:e7df8851c93886412d890d0ecc62b39f42521861ee7a80982136d65903e1f2c5"
            ],
            "version": "==6.6.1"
        },
        "pyqt6-sip": {
            "hashes": [
                "sha256:0dfd22cfedd87e96f9d51e0778ca2ba3dc0be83e424e9e0f98f6994d8d9c90f0",
                "sha256:13885361ca2cb2f5085d50359ba61b3fabd41b139fb58f37332acbe631ef2357",
                "sha256:24441032a29791e82beb7dfd76878339058def0e97fdb7c1cea517f3a0e6e96b",
                "sha256:2486e1588071943d4f6657ba09096dc9fffd2322ad2c30041e78ea3f037b5778",
                "sha256:3075d8b325382750829e6cde6971c943352309d35768a4d4da0587459606d562",
                "sha256:33ea771fe777eb0d1a2c3ef35bcc3f7a286eb3ff09cd5b2fdd3d87d1f392d7e8",
                "sha256:39854dba35f8e5a4288da26ecb5f40b4c5ec1932efffb3f49d5ea435a7f37fb3",
                "sha256:3bf03e130fbfd75c9c06e687b86ba375410c7a9e835e4e03285889e61dd4b0c4",
                "sha256:43fb8551796030aae3d66d6e35e277494071ec6172cd182c9569ab7db268a2f5",
                "sha256:58f68a48400e0b3d1ccb18090090299bad26e3aed7ccb7057c65887b79b8aeea",
                "sha256:5b9c6b6f9cfccb48cbb78a59603145a698fb4ffd176764d7083e5bf47631d8df",
                "sha256:747f6ca44af81777a2c696bd501bc4815a53ec6fc94d4e25830e10bc1391f8ab",
                "sha256:86a7b67c64436e32bffa9c28c9f21bf14a9faa54991520b12c3f6f435f24df7f",
                "sha256:8c282062125eea5baf830c6998587d98c50be7c3a817a057fb95fef647184012",
                "sha256:8f9df9f7ccd8a9f0f1d36948c686f03ce1a1281543a3e636b7b7d5e086e1a436",
                "sha256:98bf954103b087162fa63b3a78f30b0b63da22fd6450b610ec1b851dbb798228",
                "sha256:9adf672f9114687533a74d5c2d4c03a9a929ad5ad9c3e88098a7da1a440ab916",
                "sha256:a6ce80bc24618d8a41be8ca51ad9f10e8bc4296dd90ab2809573df30a23ae0e5",
                "sha256:d6b5f699aaed0ac1fcd23e8fbca70d8a77965831b7c1ce474b81b1678817a49d",
                "sha256:fa759b6339ff7e25f9afe2a6b651b775f0a36bcb3f5fa85e81a90d3b033c83f4",
                "sha256:fa7b10af7488efc5e53b41dd42c0f421bde6c2865a107af7ae259aff9d841da9"
            ],
            "markers": "python_version >= '3.7'",
            "version": "==13.6.0"
        },
        "pyqt6-webengine": {
            "hashes": [
                "sha256:9d542738ed6e11c1978ce59035c07627def7c63eef0f59581d327f01209141bc",
                "sha256:cb7793f06525ca054fcc6039afd93e23b82228b880d0b1301ce635f7f3ed2edf",
                "sha256:d50b984c3f85e409e692b156132721522d4e8cf9b6c25e0cf927eea2dfb39487",
                "sha256:fded35fba636c4916fec84aa7c6840ad2e75d211462feb3e966f9545a59d56e6"
            ],
            "index": "pypi",
            "version": "==6.6.0"
        },
        "pyqt6-webengine-qt6": {
            "hashes": [
                "sha256:185bd984a094d827d0a1abaf6a17247f87152c335dedbf2ecc4f838e6e2d7656",
                "sha256:43c75191822823e86164aa5f4299d3a4092af061c27d29b28e75134cfd7b2673",
                "sha256:4981e36adb15ea6c1508562128caf7d21c7e5c48039b60eabfb44adc00fd25d0",
                "sha256:605e0f2168f95f9d0903239b28e42a6ba96a48427bda4dad44b192f5e64d63a9"
            ],
            "version": "==6.6.1"
        },
        "pysocks": {
            "hashes": [
                "sha256:08e69f092cc6dbe92a0fdd16eeb9b9ffbc13cadfe5ca4c7bd92ffb078b293299",
                "sha256:2725bd0a9925919b9b51739eea5f9e2bae91e83288108a9ad338b2e3a4435ee5",
                "sha256:3f8804571ebe159c380ac6de37643bb4685970655d3bba243530d6558b799aa0"
            ],
            "version": "==1.7.1"
        },
        "referencing": {
            "hashes": [
                "sha256:81a1471c68c9d5e3831c30ad1dd9815c45b558e596653db751a2bfdd17b3b9ec",
                "sha256:c19c4d006f1757e3dd75c4f784d38f8698d87b649c54f9ace14e5e8c9667c01d"
            ],
            "markers": "python_version >= '3.8'",
            "version": "==0.31.1"
        },
        "requests": {
            "hashes": [
                "sha256:58cd2187c01e70e6e26505bca751777aa9f2ee0b7f4300988b709f44e013003f",
                "sha256:942c5a758f98d790eaed1a29cb6eefc7ffb0d1cf7af05c3d2791656dbd6ad1e1"
            ],
            "index": "pypi",
            "version": "==2.31.0"
        },
        "rpds-py": {
            "hashes": [
                "sha256:06d218e4464d31301e943b65b2c6919318ea6f69703a351961e1baaf60347276",
                "sha256:12ecf89bd54734c3c2c79898ae2021dca42750c7bcfb67f8fb3315453738ac8f",
                "sha256:15253fff410873ebf3cfba1cc686a37711efcd9b8cb30ea21bb14a973e393f60",
                "sha256:188435794405c7f0573311747c85a96b63c954a5f2111b1df8018979eca0f2f0",
                "sha256:1ceebd0ae4f3e9b2b6b553b51971921853ae4eebf3f54086be0565d59291e53d",
                "sha256:244e173bb6d8f3b2f0c4d7370a1aa341f35da3e57ffd1798e5b2917b91731fd3",
                "sha256:25b28b3d33ec0a78e944aaaed7e5e2a94ac811bcd68b557ca48a0c30f87497d2",
                "sha256:25ea41635d22b2eb6326f58e608550e55d01df51b8a580ea7e75396bafbb28e9",
                "sha256:29d311e44dd16d2434d5506d57ef4d7036544fc3c25c14b6992ef41f541b10fb",
                "sha256:2a1472956c5bcc49fb0252b965239bffe801acc9394f8b7c1014ae9258e4572b",
                "sha256:2a7bef6977043673750a88da064fd513f89505111014b4e00fbdd13329cd4e9a",
                "sha256:2ac26f50736324beb0282c819668328d53fc38543fa61eeea2c32ea8ea6eab8d",
                "sha256:2e72f750048b32d39e87fc85c225c50b2a6715034848dbb196bf3348aa761fa1",
                "sha256:31e220a040b89a01505128c2f8a59ee74732f666439a03e65ccbf3824cdddae7",
                "sha256:35f53c76a712e323c779ca39b9a81b13f219a8e3bc15f106ed1e1462d56fcfe9",
                "sha256:38d4f822ee2f338febcc85aaa2547eb5ba31ba6ff68d10b8ec988929d23bb6b4",
                "sha256:38f9bf2ad754b4a45b8210a6c732fe876b8a14e14d5992a8c4b7c1ef78740f53",
                "sha256:3a44c8440183b43167fd1a0819e8356692bf5db1ad14ce140dbd40a1485f2dea",
                "sha256:3ab96754d23372009638a402a1ed12a27711598dd49d8316a22597141962fe66",
                "sha256:3c55d7f2d817183d43220738270efd3ce4e7a7b7cbdaefa6d551ed3d6ed89190",
                "sha256:46e1ed994a0920f350a4547a38471217eb86f57377e9314fbaaa329b71b7dfe3",
                "sha256:4a5375c5fff13f209527cd886dc75394f040c7d1ecad0a2cb0627f13ebe78a12",
                "sha256:4c2d26aa03d877c9730bf005621c92da263523a1e99247590abbbe252ccb7824",
                "sha256:4c4e314d36d4f31236a545696a480aa04ea170a0b021e9a59ab1ed94d4c3ef27",
                "sha256:4d0c10d803549427f427085ed7aebc39832f6e818a011dcd8785e9c6a1ba9b3e",
                "sha256:4dcc5ee1d0275cb78d443fdebd0241e58772a354a6d518b1d7af1580bbd2c4e8",
                "sha256:51967a67ea0d7b9b5cd86036878e2d82c0b6183616961c26d825b8c994d4f2c8",
                "sha256:530190eb0cd778363bbb7596612ded0bb9fef662daa98e9d92a0419ab27ae914",
                "sha256:5379e49d7e80dca9811b36894493d1c1ecb4c57de05c36f5d0dd09982af20211",
                "sha256:5493569f861fb7b05af6d048d00d773c6162415ae521b7010197c98810a14cab",
                "sha256:5a4c1058cdae6237d97af272b326e5f78ee7ee3bbffa6b24b09db4d828810468",
                "sha256:5d75d6d220d55cdced2f32cc22f599475dbe881229aeddba6c79c2e9df35a2b3",
                "sha256:5d97e9ae94fb96df1ee3cb09ca376c34e8a122f36927230f4c8a97f469994bff",
                "sha256:5feae2f9aa7270e2c071f488fab256d768e88e01b958f123a690f1cc3061a09c",
                "sha256:603d5868f7419081d616dab7ac3cfa285296735e7350f7b1e4f548f6f953ee7d",
                "sha256:61d42d2b08430854485135504f672c14d4fc644dd243a9c17e7c4e0faf5ed07e",
                "sha256:61dbc1e01dc0c5875da2f7ae36d6e918dc1b8d2ce04e871793976594aad8a57a",
                "sha256:65cfed9c807c27dee76407e8bb29e6f4e391e436774bcc769a037ff25ad8646e",
                "sha256:67a429520e97621a763cf9b3ba27574779c4e96e49a27ff8a1aa99ee70beb28a",
                "sha256:6aadae3042f8e6db3376d9e91f194c606c9a45273c170621d46128f35aef7cd0",
                "sha256:6ba8858933f0c1a979781272a5f65646fca8c18c93c99c6ddb5513ad96fa54b1",
                "sha256:6bc568b05e02cd612be53900c88aaa55012e744930ba2eeb56279db4c6676eb3",
                "sha256:729408136ef8d45a28ee9a7411917c9e3459cf266c7e23c2f7d4bb8ef9e0da42",
                "sha256:751758d9dd04d548ec679224cc00e3591f5ebf1ff159ed0d4aba6a0746352452",
                "sha256:76d59d4d451ba77f08cb4cd9268dec07be5bc65f73666302dbb5061989b17198",
                "sha256:79bf58c08f0756adba691d480b5a20e4ad23f33e1ae121584cf3a21717c36dfa",
                "sha256:7de12b69d95072394998c622cfd7e8cea8f560db5fca6a62a148f902a1029f8b",
                "sha256:7f55cd9cf1564b7b03f238e4c017ca4794c05b01a783e9291065cb2858d86ce4",
                "sha256:80e5acb81cb49fd9f2d5c08f8b74ffff14ee73b10ca88297ab4619e946bcb1e1",
                "sha256:87a90f5545fd61f6964e65eebde4dc3fa8660bb7d87adb01d4cf17e0a2b484ad",
                "sha256:881df98f0a8404d32b6de0fd33e91c1b90ed1516a80d4d6dc69d414b8850474c",
                "sha256:8a776a29b77fe0cc28fedfd87277b0d0f7aa930174b7e504d764e0b43a05f381",
                "sha256:8c2a61c0e4811012b0ba9f6cdcb4437865df5d29eab5d6018ba13cee1c3064a0",
                "sha256:8fa6bd071ec6d90f6e7baa66ae25820d57a8ab1b0a3c6d3edf1834d4b26fafa2",
                "sha256:96f2975fb14f39c5fe75203f33dd3010fe37d1c4e33177feef1107b5ced750e3",
                "sha256:96fb0899bb2ab353f42e5374c8f0789f54e0a94ef2f02b9ac7149c56622eaf31",
                "sha256:97163a1ab265a1073a6372eca9f4eeb9f8c6327457a0b22ddfc4a17dcd613e74",
                "sha256:9c95a1a290f9acf7a8f2ebbdd183e99215d491beea52d61aa2a7a7d2c618ddc6",
                "sha256:9d94d78418203904730585efa71002286ac4c8ac0689d0eb61e3c465f9e608ff",
                "sha256:a6ba2cb7d676e9415b9e9ac7e2aae401dc1b1e666943d1f7bc66223d3d73467b",
                "sha256:aa0379c1935c44053c98826bc99ac95f3a5355675a297ac9ce0dfad0ce2d50ca",
                "sha256:ac96d67b37f28e4b6ecf507c3405f52a40658c0a806dffde624a8fcb0314d5fd",
                "sha256:ade2ccb937060c299ab0dfb2dea3d2ddf7e098ed63ee3d651ebfc2c8d1e8632a",
                "sha256:aefbdc934115d2f9278f153952003ac52cd2650e7313750390b334518c589568",
                "sha256:b07501b720cf060c5856f7b5626e75b8e353b5f98b9b354a21eb4bfa47e421b1",
                "sha256:b5267feb19070bef34b8dea27e2b504ebd9d31748e3ecacb3a4101da6fcb255c",
                "sha256:b5f6328e8e2ae8238fc767703ab7b95785521c42bb2b8790984e3477d7fa71ad",
                "sha256:b8996ffb60c69f677245f5abdbcc623e9442bcc91ed81b6cd6187129ad1fa3e7",
                "sha256:b981a370f8f41c4024c170b42fbe9e691ae2dbc19d1d99151a69e2c84a0d194d",
                "sha256:b9d121be0217787a7d59a5c6195b0842d3f701007333426e5154bf72346aa658",
                "sha256:bcef4f2d3dc603150421de85c916da19471f24d838c3c62a4f04c1eb511642c1",
                "sha256:bed0252c85e21cf73d2d033643c945b460d6a02fc4a7d644e3b2d6f5f2956c64",
                "sha256:bfdfbe6a36bc3059fff845d64c42f2644cf875c65f5005db54f90cdfdf1df815",
                "sha256:c0095b8aa3e432e32d372e9a7737e65b58d5ed23b9620fea7cb81f17672f1fa1",
                "sha256:c1f41d32a2ddc5a94df4b829b395916a4b7f103350fa76ba6de625fcb9e773ac",
                "sha256:c45008ca79bad237cbc03c72bc5205e8c6f66403773929b1b50f7d84ef9e4d07",
                "sha256:c82bbf7e03748417c3a88c1b0b291288ce3e4887a795a3addaa7a1cfd9e7153e",
                "sha256:c918621ee0a3d1fe61c313f2489464f2ae3d13633e60f520a8002a5e910982ee",
                "sha256:d204957169f0b3511fb95395a9da7d4490fb361763a9f8b32b345a7fe119cb45",
                "sha256:d329896c40d9e1e5c7715c98529e4a188a1f2df51212fd65102b32465612b5dc",
                "sha256:d3a61e928feddc458a55110f42f626a2a20bea942ccedb6fb4cee70b4830ed41",
                "sha256:d48db29bd47814671afdd76c7652aefacc25cf96aad6daefa82d738ee87461e2",
                "sha256:d5593855b5b2b73dd8413c3fdfa5d95b99d657658f947ba2c4318591e745d083",
                "sha256:d79c159adea0f1f4617f54aa156568ac69968f9ef4d1e5fefffc0a180830308e",
                "sha256:db09b98c7540df69d4b47218da3fbd7cb466db0fb932e971c321f1c76f155266",
                "sha256:ddf23960cb42b69bce13045d5bc66f18c7d53774c66c13f24cf1b9c144ba3141",
                "sha256:e06cfea0ece444571d24c18ed465bc93afb8c8d8d74422eb7026662f3d3f779b",
                "sha256:e7c564c58cf8f248fe859a4f0fe501b050663f3d7fbc342172f259124fb59933",
                "sha256:e86593bf8637659e6a6ed58854b6c87ec4e9e45ee8a4adfd936831cef55c2d21",
                "sha256:eaffbd8814bb1b5dc3ea156a4c5928081ba50419f9175f4fc95269e040eff8f0",
                "sha256:ee353bb51f648924926ed05e0122b6a0b1ae709396a80eb583449d5d477fcdf7",
                "sha256:ee6faebb265e28920a6f23a7d4c362414b3f4bb30607141d718b991669e49ddc",
                "sha256:efe093acc43e869348f6f2224df7f452eab63a2c60a6c6cd6b50fd35c4e075ba",
                "sha256:f03a1b3a4c03e3e0161642ac5367f08479ab29972ea0ffcd4fa18f729cd2be0a",
                "sha256:f0d320e70b6b2300ff6029e234e79fe44e9dbbfc7b98597ba28e054bd6606a57",
                "sha256:f252dfb4852a527987a9156cbcae3022a30f86c9d26f4f17b8c967d7580d65d2",
                "sha256:f5f4424cb87a20b016bfdc157ff48757b89d2cc426256961643d443c6c277007",
                "sha256:f8eae66a1304de7368932b42d801c67969fd090ddb1a7a24f27b435ed4bed68f",
                "sha256:fdb82eb60d31b0c033a8e8ee9f3fc7dfbaa042211131c29da29aea8531b4f18f"
            ],
            "markers": "python_version >= '3.8'",
            "version": "==0.13.2"
        },
        "send2trash": {
            "hashes": [
                "sha256:a384719d99c07ce1eefd6905d2decb6f8b7ed054025bb0e618919f945de4f679",
                "sha256:c132d59fa44b9ca2b1699af5c86f57ce9f4c5eb56629d5d55fbb7a35f84e2312"
            ],
            "markers": "python_version >= '2.7' and python_version not in '3.0, 3.1, 3.2, 3.3, 3.4'",
            "version": "==1.8.2"
        },
        "soupsieve": {
            "hashes": [
                "sha256:5663d5a7b3bfaeee0bc4372e7fc48f9cff4940b3eec54a6451cc5299f1097690",
                "sha256:eaa337ff55a1579b6549dc679565eac1e3d000563bcb1c8ab0d0fefbc0c2cdc7"
            ],
            "markers": "python_version >= '3.8'",
            "version": "==2.5"
        },
        "urllib3": {
            "hashes": [
                "sha256:55901e917a5896a349ff771be919f8bd99aff50b79fe58fec595eb37bbc56bb3",
                "sha256:df7aa8afb0148fa78488e7899b2c59b5f4ffcfa82e6c54ccb9dd37c1d7b52d54"
            ],
            "markers": "python_version >= '3.8'",
            "version": "==2.1.0"
        },
        "waitress": {
            "hashes": [
                "sha256:7500c9625927c8ec60f54377d590f67b30c8e70ef4b8894214ac6e4cad233d2a",
                "sha256:780a4082c5fbc0fde6a2fcfe5e26e6efc1e8f425730863c04085769781f51eba"
            ],
            "markers": "python_full_version >= '3.7.0'",
            "version": "==2.1.2"
        },
        "werkzeug": {
            "hashes": [
                "sha256:507e811ecea72b18a404947aded4b3390e1db8f826b494d76550ef45bb3b1dcc",
                "sha256:90a285dc0e42ad56b34e696398b8122ee4c681833fb35b8334a095d82c56da10"
            ],
            "markers": "python_version >= '3.8'",
            "version": "==3.0.1"
        },
        "zipp": {
            "hashes": [
                "sha256:0e923e726174922dce09c53c59ad483ff7bbb8e572e00c7f7c46b88556409f31",
                "sha256:84e64a1c28cf7e91ed2078bb8cc8c259cb19b76942096c8d7b84947690cabaf0"
            ],
            "markers": "python_version >= '3.8'",
            "version": "==3.17.0"
        }
    },
    "develop": {}
}
